// !$*UTF8*$!
{
	archiveVersion = 1;
	classes = {
	};
	objectVersion = 46;
	objects = {

/* Begin PBXBuildFile section */
		18B534501A683F7800E100C7 /* main.m in Sources */ = {isa = PBXBuildFile; fileRef = 18B5344F1A683F7800E100C7 /* main.m */; };
		18B534531A683F7800E100C7 /* AppDelegate.m in Sources */ = {isa = PBXBuildFile; fileRef = 18B534521A683F7800E100C7 /* AppDelegate.m */; };
		18B534561A683F7800E100C7 /* ViewController.m in Sources */ = {isa = PBXBuildFile; fileRef = 18B534551A683F7800E100C7 /* ViewController.m */; };
		18B534591A683F7800E100C7 /* Main.storyboard in Resources */ = {isa = PBXBuildFile; fileRef = 18B534571A683F7800E100C7 /* Main.storyboard */; };
		18B5345B1A683F7800E100C7 /* Images.xcassets in Resources */ = {isa = PBXBuildFile; fileRef = 18B5345A1A683F7800E100C7 /* Images.xcassets */; };
		18B5345E1A683F7800E100C7 /* LaunchScreen.xib in Resources */ = {isa = PBXBuildFile; fileRef = 18B5345C1A683F7800E100C7 /* LaunchScreen.xib */; };
		18B5346A1A683F7800E100C7 /* GoodnightMoonTests.m in Sources */ = {isa = PBXBuildFile; fileRef = 18B534691A683F7800E100C7 /* GoodnightMoonTests.m */; };
/* End PBXBuildFile section */

/* Begin PBXContainerItemProxy section */
		18B534641A683F7800E100C7 /* PBXContainerItemProxy */ = {
			isa = PBXContainerItemProxy;
			containerPortal = 18B534421A683F7800E100C7 /* Project object */;
			proxyType = 1;
			remoteGlobalIDString = 18B534491A683F7800E100C7;
			remoteInfo = GoodnightMoon;
		};
/* End PBXContainerItemProxy section */

/* Begin PBXFileReference section */
		18B5344A1A683F7800E100C7 /* GoodnightMoon.app */ = {isa = PBXFileReference; explicitFileType = wrapper.application; includeInIndex = 0; path = GoodnightMoon.app; sourceTree = BUILT_PRODUCTS_DIR; };
		18B5344E1A683F7800E100C7 /* Info.plist */ = {isa = PBXFileReference; lastKnownFileType = text.plist.xml; path = Info.plist; sourceTree = "<group>"; };
		18B5344F1A683F7800E100C7 /* main.m */ = {isa = PBXFileReference; lastKnownFileType = sourcecode.c.objc; path = main.m; sourceTree = "<group>"; };
		18B534511A683F7800E100C7 /* AppDelegate.h */ = {isa = PBXFileReference; lastKnownFileType = sourcecode.c.h; path = AppDelegate.h; sourceTree = "<group>"; };
		18B534521A683F7800E100C7 /* AppDelegate.m */ = {isa = PBXFileReference; lastKnownFileType = sourcecode.c.objc; path = AppDelegate.m; sourceTree = "<group>"; };
		18B534541A683F7800E100C7 /* ViewController.h */ = {isa = PBXFileReference; lastKnownFileType = sourcecode.c.h; path = ViewController.h; sourceTree = "<group>"; };
		18B534551A683F7800E100C7 /* ViewController.m */ = {isa = PBXFileReference; lastKnownFileType = sourcecode.c.objc; path = ViewController.m; sourceTree = "<group>"; };
		18B534581A683F7800E100C7 /* Base */ = {isa = PBXFileReference; lastKnownFileType = file.storyboard; name = Base; path = Base.lproj/Main.storyboard; sourceTree = "<group>"; };
		18B5345A1A683F7800E100C7 /* Images.xcassets */ = {isa = PBXFileReference; lastKnownFileType = folder.assetcatalog; path = Images.xcassets; sourceTree = "<group>"; };
		18B5345D1A683F7800E100C7 /* Base */ = {isa = PBXFileReference; lastKnownFileType = file.xib; name = Base; path = Base.lproj/LaunchScreen.xib; sourceTree = "<group>"; };
		18B534631A683F7800E100C7 /* GoodnightMoonTests.xctest */ = {isa = PBXFileReference; explicitFileType = wrapper.cfbundle; includeInIndex = 0; path = GoodnightMoonTests.xctest; sourceTree = BUILT_PRODUCTS_DIR; };
		18B534681A683F7800E100C7 /* Info.plist */ = {isa = PBXFileReference; lastKnownFileType = text.plist.xml; path = Info.plist; sourceTree = "<group>"; };
		18B534691A683F7800E100C7 /* GoodnightMoonTests.m */ = {isa = PBXFileReference; lastKnownFileType = sourcecode.c.objc; path = GoodnightMoonTests.m; sourceTree = "<group>"; };
/* End PBXFileReference section */

/* Begin PBXFrameworksBuildPhase section */
		18B534471A683F7800E100C7 /* Frameworks */ = {
			isa = PBXFrameworksBuildPhase;
			buildActionMask = 2147483647;
			files = (
			);
			runOnlyForDeploymentPostprocessing = 0;
		};
		18B534601A683F7800E100C7 /* Frameworks */ = {
			isa = PBXFrameworksBuildPhase;
			buildActionMask = 2147483647;
			files = (
			);
			runOnlyForDeploymentPostprocessing = 0;
		};
/* End PBXFrameworksBuildPhase section */

/* Begin PBXGroup section */
		18B534411A683F7800E100C7 = {
			isa = PBXGroup;
			children = (
				18B5344C1A683F7800E100C7 /* GoodnightMoon */,
				18B534661A683F7800E100C7 /* GoodnightMoonTests */,
				18B5344B1A683F7800E100C7 /* Products */,
			);
			sourceTree = "<group>";
		};
		18B5344B1A683F7800E100C7 /* Products */ = {
			isa = PBXGroup;
			children = (
				18B5344A1A683F7800E100C7 /* GoodnightMoon.app */,
				18B534631A683F7800E100C7 /* GoodnightMoonTests.xctest */,
			);
			name = Products;
			sourceTree = "<group>";
		};
		18B5344C1A683F7800E100C7 /* GoodnightMoon */ = {
			isa = PBXGroup;
			children = (
				18B534511A683F7800E100C7 /* AppDelegate.h */,
				18B534521A683F7800E100C7 /* AppDelegate.m */,
				18B534541A683F7800E100C7 /* ViewController.h */,
				18B534551A683F7800E100C7 /* ViewController.m */,
				18B534571A683F7800E100C7 /* Main.storyboard */,
				18B5345A1A683F7800E100C7 /* Images.xcassets */,
				18B5345C1A683F7800E100C7 /* LaunchScreen.xib */,
				18B5344D1A683F7800E100C7 /* Supporting Files */,
			);
			path = GoodnightMoon;
			sourceTree = "<group>";
		};
		18B5344D1A683F7800E100C7 /* Supporting Files */ = {
			isa = PBXGroup;
			children = (
				18B5344E1A683F7800E100C7 /* Info.plist */,
				18B5344F1A683F7800E100C7 /* main.m */,
			);
			name = "Supporting Files";
			sourceTree = "<group>";
		};
		18B534661A683F7800E100C7 /* GoodnightMoonTests */ = {
			isa = PBXGroup;
			children = (
				18B534691A683F7800E100C7 /* GoodnightMoonTests.m */,
				18B534671A683F7800E100C7 /* Supporting Files */,
			);
			path = GoodnightMoonTests;
			sourceTree = "<group>";
		};
		18B534671A683F7800E100C7 /* Supporting Files */ = {
			isa = PBXGroup;
			children = (
				18B534681A683F7800E100C7 /* Info.plist */,
			);
			name = "Supporting Files";
			sourceTree = "<group>";
		};
/* End PBXGroup section */

/* Begin PBXNativeTarget section */
		18B534491A683F7800E100C7 /* GoodnightMoon */ = {
			isa = PBXNativeTarget;
			buildConfigurationList = 18B5346D1A683F7800E100C7 /* Build configuration list for PBXNativeTarget "GoodnightMoon" */;
			buildPhases = (
				18B534461A683F7800E100C7 /* Sources */,
				18B534471A683F7800E100C7 /* Frameworks */,
				18B534481A683F7800E100C7 /* Resources */,
			);
			buildRules = (
			);
			dependencies = (
			);
			name = GoodnightMoon;
			productName = GoodnightMoon;
			productReference = 18B5344A1A683F7800E100C7 /* GoodnightMoon.app */;
			productType = "com.apple.product-type.application";
		};
		18B534621A683F7800E100C7 /* GoodnightMoonTests */ = {
			isa = PBXNativeTarget;
			buildConfigurationList = 18B534701A683F7800E100C7 /* Build configuration list for PBXNativeTarget "GoodnightMoonTests" */;
			buildPhases = (
				18B5345F1A683F7800E100C7 /* Sources */,
				18B534601A683F7800E100C7 /* Frameworks */,
				18B534611A683F7800E100C7 /* Resources */,
			);
			buildRules = (
			);
			dependencies = (
				18B534651A683F7800E100C7 /* PBXTargetDependency */,
			);
			name = GoodnightMoonTests;
			productName = GoodnightMoonTests;
			productReference = 18B534631A683F7800E100C7 /* GoodnightMoonTests.xctest */;
			productType = "com.apple.product-type.bundle.unit-test";
		};
/* End PBXNativeTarget section */

/* Begin PBXProject section */
		18B534421A683F7800E100C7 /* Project object */ = {
			isa = PBXProject;
			attributes = {
				LastUpgradeCheck = 0620;
				ORGANIZATIONNAME = MobileMakers;
				TargetAttributes = {
					18B534491A683F7800E100C7 = {
						CreatedOnToolsVersion = 6.2;
					};
					18B534621A683F7800E100C7 = {
						CreatedOnToolsVersion = 6.2;
						TestTargetID = 18B534491A683F7800E100C7;
					};
				};
			};
			buildConfigurationList = 18B534451A683F7800E100C7 /* Build configuration list for PBXProject "GoodnightMoon" */;
			compatibilityVersion = "Xcode 3.2";
			developmentRegion = English;
			hasScannedForEncodings = 0;
			knownRegions = (
				en,
				Base,
			);
			mainGroup = 18B534411A683F7800E100C7;
			productRefGroup = 18B5344B1A683F7800E100C7 /* Products */;
			projectDirPath = "";
			projectRoot = "";
			targets = (
				18B534491A683F7800E100C7 /* GoodnightMoon */,
				18B534621A683F7800E100C7 /* GoodnightMoonTests */,
			);
		};
/* End PBXProject section */

/* Begin PBXResourcesBuildPhase section */
		18B534481A683F7800E100C7 /* Resources */ = {
			isa = PBXResourcesBuildPhase;
			buildActionMask = 2147483647;
			files = (
				18B534591A683F7800E100C7 /* Main.storyboard in Resources */,
				18B5345E1A683F7800E100C7 /* LaunchScreen.xib in Resources */,
				18B5345B1A683F7800E100C7 /* Images.xcassets in Resources */,
			);
			runOnlyForDeploymentPostprocessing = 0;
		};
		18B534611A683F7800E100C7 /* Resources */ = {
			isa = PBXResourcesBuildPhase;
			buildActionMask = 2147483647;
			files = (
			);
			runOnlyForDeploymentPostprocessing = 0;
		};
/* End PBXResourcesBuildPhase section */

/* Begin PBXSourcesBuildPhase section */
		18B534461A683F7800E100C7 /* Sources */ = {
			isa = PBXSourcesBuildPhase;
			buildActionMask = 2147483647;
			files = (
				18B534561A683F7800E100C7 /* ViewController.m in Sources */,
				18B534531A683F7800E100C7 /* AppDelegate.m in Sources */,
				18B534501A683F7800E100C7 /* main.m in Sources */,
			);
			runOnlyForDeploymentPostprocessing = 0;
		};
		18B5345F1A683F7800E100C7 /* Sources */ = {
			isa = PBXSourcesBuildPhase;
			buildActionMask = 2147483647;
			files = (
				18B5346A1A683F7800E100C7 /* GoodnightMoonTests.m in Sources */,
			);
			runOnlyForDeploymentPostprocessing = 0;
		};
/* End PBXSourcesBuildPhase section */

/* Begin PBXTargetDependency section */
		18B534651A683F7800E100C7 /* PBXTargetDependency */ = {
			isa = PBXTargetDependency;
			target = 18B534491A683F7800E100C7 /* GoodnightMoon */;
			targetProxy = 18B534641A683F7800E100C7 /* PBXContainerItemProxy */;
		};
/* End PBXTargetDependency section */

/* Begin PBXVariantGroup section */
		18B534571A683F7800E100C7 /* Main.storyboard */ = {
			isa = PBXVariantGroup;
			children = (
				18B534581A683F7800E100C7 /* Base */,
			);
			name = Main.storyboard;
			sourceTree = "<group>";
		};
		18B5345C1A683F7800E100C7 /* LaunchScreen.xib */ = {
			isa = PBXVariantGroup;
			children = (
				18B5345D1A683F7800E100C7 /* Base */,
			);
			name = LaunchScreen.xib;
			sourceTree = "<group>";
		};
/* End PBXVariantGroup section */

/* Begin XCBuildConfiguration section */
		18B5346B1A683F7800E100C7 /* Debug */ = {
			isa = XCBuildConfiguration;
			buildSettings = {
				ALWAYS_SEARCH_USER_PATHS = NO;
				CLANG_CXX_LANGUAGE_STANDARD = "gnu++0x";
				CLANG_CXX_LIBRARY = "libc++";
				CLANG_ENABLE_MODULES = YES;
				CLANG_ENABLE_OBJC_ARC = YES;
				CLANG_WARN_BOOL_CONVERSION = YES;
				CLANG_WARN_CONSTANT_CONVERSION = YES;
				CLANG_WARN_DIRECT_OBJC_ISA_USAGE = YES_ERROR;
				CLANG_WARN_EMPTY_BODY = YES;
				CLANG_WARN_ENUM_CONVERSION = YES;
				CLANG_WARN_INT_CONVERSION = YES;
				CLANG_WARN_OBJC_ROOT_CLASS = YES_ERROR;
				CLANG_WARN_UNREACHABLE_CODE = YES;
				CLANG_WARN__DUPLICATE_METHOD_MATCH = YES;
				"CODE_SIGN_IDENTITY[sdk=iphoneos*]" = "iPhone Developer";
				COPY_PHASE_STRIP = NO;
				ENABLE_STRICT_OBJC_MSGSEND = YES;
				GCC_C_LANGUAGE_STANDARD = gnu99;
				GCC_DYNAMIC_NO_PIC = NO;
				GCC_OPTIMIZATION_LEVEL = 0;
				GCC_PREPROCESSOR_DEFINITIONS = (
					"DEBUG=1",
					"$(inherited)",
				);
				GCC_SYMBOLS_PRIVATE_EXTERN = NO;
				GCC_WARN_64_TO_32_BIT_CONVERSION = YES;
				GCC_WARN_ABOUT_RETURN_TYPE = YES_ERROR;
				GCC_WARN_UNDECLARED_SELECTOR = YES;
				GCC_WARN_UNINITIALIZED_AUTOS = YES_AGGRESSIVE;
				GCC_WARN_UNUSED_FUNCTION = YES;
				GCC_WARN_UNUSED_VARIABLE = YES;
				IPHONEOS_DEPLOYMENT_TARGET = 8.2;
				MTL_ENABLE_DEBUG_INFO = YES;
				ONLY_ACTIVE_ARCH = YES;
				SDKROOT = iphoneos;
			};
			name = Debug;
		};
		18B5346C1A683F7800E100C7 /* Release */ = {
			isa = XCBuildConfiguration;
			buildSettings = {
				ALWAYS_SEARCH_USER_PATHS = NO;
				CLANG_CXX_LANGUAGE_STANDARD = "gnu++0x";
				CLANG_CXX_LIBRARY = "libc++";
				CLANG_ENABLE_MODULES = YES;
				CLANG_ENABLE_OBJC_ARC = YES;
				CLANG_WARN_BOOL_CONVERSION = YES;
				CLANG_WARN_CONSTANT_CONVERSION = YES;
				CLANG_WARN_DIRECT_OBJC_ISA_USAGE = YES_ERROR;
				CLANG_WARN_EMPTY_BODY = YES;
				CLANG_WARN_ENUM_CONVERSION = YES;
				CLANG_WARN_INT_CONVERSION = YES;
				CLANG_WARN_OBJC_ROOT_CLASS = YES_ERROR;
				CLANG_WARN_UNREACHABLE_CODE = YES;
				CLANG_WARN__DUPLICATE_METHOD_MATCH = YES;
				"CODE_SIGN_IDENTITY[sdk=iphoneos*]" = "iPhone Developer";
				COPY_PHASE_STRIP = YES;
				ENABLE_NS_ASSERTIONS = NO;
				ENABLE_STRICT_OBJC_MSGSEND = YES;
				GCC_C_LANGUAGE_STANDARD = gnu99;
				GCC_WARN_64_TO_32_BIT_CONVERSION = YES;
				GCC_WARN_ABOUT_RETURN_TYPE = YES_ERROR;
				GCC_WARN_UNDECLARED_SELECTOR = YES;
				GCC_WARN_UNINITIALIZED_AUTOS = YES_AGGRESSIVE;
				GCC_WARN_UNUSED_FUNCTION = YES;
				GCC_WARN_UNUSED_VARIABLE = YES;
				IPHONEOS_DEPLOYMENT_TARGET = 8.2;
				MTL_ENABLE_DEBUG_INFO = NO;
				SDKROOT = iphoneos;
				VALIDATE_PRODUCT = YES;
			};
			name = Release;
		};
		18B5346E1A683F7800E100C7 /* Debug */ = {
			isa = XCBuildConfiguration;
			buildSettings = {
				ASSETCATALOG_COMPILER_APPICON_NAME = AppIcon;
				INFOPLIST_FILE = GoodnightMoon/Info.plist;
				LD_RUNPATH_SEARCH_PATHS = "$(inherited) @executable_path/Frameworks";
				PRODUCT_NAME = "$(TARGET_NAME)";
			};
			name = Debug;
		};
		18B5346F1A683F7800E100C7 /* Release */ = {
			isa = XCBuildConfiguration;
			buildSettings = {
				ASSETCATALOG_COMPILER_APPICON_NAME = AppIcon;
				INFOPLIST_FILE = GoodnightMoon/Info.plist;
				LD_RUNPATH_SEARCH_PATHS = "$(inherited) @executable_path/Frameworks";
				PRODUCT_NAME = "$(TARGET_NAME)";
			};
			name = Release;
		};
		18B534711A683F7800E100C7 /* Debug */ = {
			isa = XCBuildConfiguration;
			buildSettings = {
				BUNDLE_LOADER = "$(TEST_HOST)";
				FRAMEWORK_SEARCH_PATHS = (
					"$(SDKROOT)/Developer/Library/Frameworks",
					"$(inherited)",
				);
				GCC_PREPROCESSOR_DEFINITIONS = (
					"DEBUG=1",
					"$(inherited)",
				);
				INFOPLIST_FILE = GoodnightMoonTests/Info.plist;
				LD_RUNPATH_SEARCH_PATHS = "$(inherited) @executable_path/Frameworks @loader_path/Frameworks";
				PRODUCT_NAME = "$(TARGET_NAME)";
				TEST_HOST = "$(BUILT_PRODUCTS_DIR)/GoodnightMoon.app/GoodnightMoon";
			};
			name = Debug;
		};
		18B534721A683F7800E100C7 /* Release */ = {
			isa = XCBuildConfiguration;
			buildSettings = {
				BUNDLE_LOADER = "$(TEST_HOST)";
				FRAMEWORK_SEARCH_PATHS = (
					"$(SDKROOT)/Developer/Library/Frameworks",
					"$(inherited)",
				);
				INFOPLIST_FILE = GoodnightMoonTests/Info.plist;
				LD_RUNPATH_SEARCH_PATHS = "$(inherited) @executable_path/Frameworks @loader_path/Frameworks";
				PRODUCT_NAME = "$(TARGET_NAME)";
				TEST_HOST = "$(BUILT_PRODUCTS_DIR)/GoodnightMoon.app/GoodnightMoon";
			};
			name = Release;
		};
/* End XCBuildConfiguration section */

/* Begin XCConfigurationList section */
		18B534451A683F7800E100C7 /* Build configuration list for PBXProject "GoodnightMoon" */ = {
			isa = XCConfigurationList;
			buildConfigurations = (
				18B5346B1A683F7800E100C7 /* Debug */,
				18B5346C1A683F7800E100C7 /* Release */,
			);
			defaultConfigurationIsVisible = 0;
			defaultConfigurationName = Release;
		};
		18B5346D1A683F7800E100C7 /* Build configuration list for PBXNativeTarget "GoodnightMoon" */ = {
			isa = XCConfigurationList;
			buildConfigurations = (
				18B5346E1A683F7800E100C7 /* Debug */,
				18B5346F1A683F7800E100C7 /* Release */,
			);
			defaultConfigurationIsVisible = 0;
		};
		18B534701A683F7800E100C7 /* Build configuration list for PBXNativeTarget "GoodnightMoonTests" */ = {
			isa = XCConfigurationList;
			buildConfigurations = (
				18B534711A683F7800E100C7 /* Debug */,
				18B534721A683F7800E100C7 /* Release */,
			);
			defaultConfigurationIsVisible = 0;
		};
/* End XCConfigurationList section */
	};
	rootObject = 18B534421A683F7800E100C7 /* Project object */;
}
